
Microsoft Visual Studio Solution File, Format Version 12.00
# Visual Studio Version 17
VisualStudioVersion = 17.10.35122.118
MinimumVisualStudioVersion = 10.0.40219.1
Project("{FAE04EC0-301F-11D3-BF4B-00C04F79EFBC}") = "ClassLibrary", "PhamThiThuyNhi_21054781\ClassLibrary.csproj", "{DF7D1786-708E-47BB-866F-A41659DAE818}"
EndProject
Project("{FAE04EC0-301F-11D3-BF4B-00C04F79EFBC}") = "UnitTestProject", "PhamThiThuyNhi_21054781_Test\UnitTestProject.csproj", "{2F904783-5146-4660-8415-97FDEAA0FE5B}"
EndProject
Global
	GlobalSection(SolutionConfigurationPlatforms) = preSolution
		Debug|Any CPU = Debug|Any CPU
		Release|Any CPU = Release|Any CPU
	EndGlobalSection
	GlobalSection(ProjectConfigurationPlatforms) = postSolution
		{DF7D1786-708E-47BB-866F-A41659DAE818}.Debug|Any CPU.ActiveCfg = Debug|Any CPU
		{DF7D1786-708E-47BB-866F-A41659DAE818}.Debug|Any CPU.Build.0 = Debug|Any CPU
		{DF7D1786-708E-47BB-866F-A41659DAE818}.Release|Any CPU.ActiveCfg = Release|Any CPU
		{DF7D1786-708E-47BB-866F-A41659DAE818}.Release|Any CPU.Build.0 = Release|Any CPU
		{2F904783-5146-4660-8415-97FDEAA0FE5B}.Debug|Any CPU.ActiveCfg = Debug|Any CPU
		{2F904783-5146-4660-8415-97FDEAA0FE5B}.Debug|Any CPU.Build.0 = Debug|Any CPU
		{2F904783-5146-4660-8415-97FDEAA0FE5B}.Release|Any CPU.ActiveCfg = Release|Any CPU
		{2F904783-5146-4660-8415-97FDEAA0FE5B}.Release|Any CPU.Build.0 = Release|Any CPU
	EndGlobalSection
	GlobalSection(SolutionProperties) = preSolution
		HideSolutionNode = FALSE
	EndGlobalSection
	GlobalSection(ExtensibilityGlobals) = postSolution
		SolutionGuid = {9C91D070-ADB0-42F7-9317-190B9818B23E}
	EndGlobalSection
EndGlobal
